// !$*UTF8*$!
{
	archiveVersion = 1;
	classes = {
	};
	objectVersion = 77;
	objects = {

/* Begin PBXContainerItemProxy section */
		A17FDF432CF97B1D00EC88C9 /* PBXContainerItemProxy */ = {
			isa = PBXContainerItemProxy;
			containerPortal = A17FDF242CF97B1B00EC88C9 /* Project object */;
			proxyType = 1;
			remoteGlobalIDString = A17FDF2B2CF97B1B00EC88C9;
			remoteInfo = SingletonsAndGlobals;
		};
		A17FDF4D2CF97B1D00EC88C9 /* PBXContainerItemProxy */ = {
			isa = PBXContainerItemProxy;
			containerPortal = A17FDF242CF97B1B00EC88C9 /* Project object */;
			proxyType = 1;
			remoteGlobalIDString = A17FDF2B2CF97B1B00EC88C9;
			remoteInfo = SingletonsAndGlobals;
		};
/* End PBXContainerItemProxy section */

/* Begin PBXFileReference section */
		A17FDF2C2CF97B1B00EC88C9 /* SingletonsAndGlobals.app */ = {isa = PBXFileReference; explicitFileType = wrapper.application; includeInIndex = 0; path = SingletonsAndGlobals.app; sourceTree = BUILT_PRODUCTS_DIR; };
		A17FDF422CF97B1D00EC88C9 /* SingletonsAndGlobalsTests.xctest */ = {isa = PBXFileReference; explicitFileType = wrapper.cfbundle; includeInIndex = 0; path = SingletonsAndGlobalsTests.xctest; sourceTree = BUILT_PRODUCTS_DIR; };
		A17FDF4C2CF97B1D00EC88C9 /* SingletonsAndGlobalsUITests.xctest */ = {isa = PBXFileReference; explicitFileType = wrapper.cfbundle; includeInIndex = 0; path = SingletonsAndGlobalsUITests.xctest; sourceTree = BUILT_PRODUCTS_DIR; };
/* End PBXFileReference section */

/* Begin PBXFileSystemSynchronizedBuildFileExceptionSet section */
		A17FDF542CF97B1D00EC88C9 /* Exceptions for "SingletonsAndGlobals" folder in "SingletonsAndGlobals" target */ = {
			isa = PBXFileSystemSynchronizedBuildFileExceptionSet;
			membershipExceptions = (
				Info.plist,
			);
			target = A17FDF2B2CF97B1B00EC88C9 /* SingletonsAndGlobals */;
		};
/* End PBXFileSystemSynchronizedBuildFileExceptionSet section */

/* Begin PBXFileSystemSynchronizedRootGroup section */
		A17FDF2E2CF97B1B00EC88C9 /* SingletonsAndGlobals */ = {
			isa = PBXFileSystemSynchronizedRootGroup;
			exceptions = (
				A17FDF542CF97B1D00EC88C9 /* Exceptions for "SingletonsAndGlobals" folder in "SingletonsAndGlobals" target */,
			);
			path = SingletonsAndGlobals;
			sourceTree = "<group>";
		};
		A17FDF452CF97B1D00EC88C9 /* SingletonsAndGlobalsTests */ = {
			isa = PBXFileSystemSynchronizedRootGroup;
			path = SingletonsAndGlobalsTests;
			sourceTree = "<group>";
		};
		A17FDF4F2CF97B1D00EC88C9 /* SingletonsAndGlobalsUITests */ = {
			isa = PBXFileSystemSynchronizedRootGroup;
			path = SingletonsAndGlobalsUITests;
			sourceTree = "<group>";
		};
/* End PBXFileSystemSynchronizedRootGroup section */

/* Begin PBXFrameworksBuildPhase section */
		A17FDF292CF97B1B00EC88C9 /* Frameworks */ = {
			isa = PBXFrameworksBuildPhase;
			buildActionMask = 2147483647;
			files = (
			);
			runOnlyForDeploymentPostprocessing = 0;
		};
		A17FDF3F2CF97B1D00EC88C9 /* Frameworks */ = {
			isa = PBXFrameworksBuildPhase;
			buildActionMask = 2147483647;
			files = (
			);
			runOnlyForDeploymentPostprocessing = 0;
		};
		A17FDF492CF97B1D00EC88C9 /* Frameworks */ = {
			isa = PBXFrameworksBuildPhase;
			buildActionMask = 2147483647;
			files = (
			);
			runOnlyForDeploymentPostprocessing = 0;
		};
/* End PBXFrameworksBuildPhase section */

/* Begin PBXGroup section */
		A17FDF232CF97B1B00EC88C9 = {
			isa = PBXGroup;
			children = (
				A17FDF2E2CF97B1B00EC88C9 /* SingletonsAndGlobals */,
				A17FDF452CF97B1D00EC88C9 /* SingletonsAndGlobalsTests */,
				A17FDF4F2CF97B1D00EC88C9 /* SingletonsAndGlobalsUITests */,
				A17FDF2D2CF97B1B00EC88C9 /* Products */,
			);
			sourceTree = "<group>";
		};
		A17FDF2D2CF97B1B00EC88C9 /* Products */ = {
			isa = PBXGroup;
			children = (
				A17FDF2C2CF97B1B00EC88C9 /* SingletonsAndGlobals.app */,
				A17FDF422CF97B1D00EC88C9 /* SingletonsAndGlobalsTests.xctest */,
				A17FDF4C2CF97B1D00EC88C9 /* SingletonsAndGlobalsUITests.xctest */,
			);
			name = Products;
			sourceTree = "<group>";
		};
/* End PBXGroup section */

/* Begin PBXNativeTarget section */
		A17FDF2B2CF97B1B00EC88C9 /* SingletonsAndGlobals */ = {
			isa = PBXNativeTarget;
			buildConfigurationList = A17FDF552CF97B1D00EC88C9 /* Build configuration list for PBXNativeTarget "SingletonsAndGlobals" */;
			buildPhases = (
				A17FDF282CF97B1B00EC88C9 /* Sources */,
				A17FDF292CF97B1B00EC88C9 /* Frameworks */,
				A17FDF2A2CF97B1B00EC88C9 /* Resources */,
			);
			buildRules = (
			);
			dependencies = (
			);
			fileSystemSynchronizedGroups = (
				A17FDF2E2CF97B1B00EC88C9 /* SingletonsAndGlobals */,
			);
			name = SingletonsAndGlobals;
			packageProductDependencies = (
			);
			productName = SingletonsAndGlobals;
			productReference = A17FDF2C2CF97B1B00EC88C9 /* SingletonsAndGlobals.app */;
			productType = "com.apple.product-type.application";
		};
		A17FDF412CF97B1D00EC88C9 /* SingletonsAndGlobalsTests */ = {
			isa = PBXNativeTarget;
			buildConfigurationList = A17FDF5A2CF97B1D00EC88C9 /* Build configuration list for PBXNativeTarget "SingletonsAndGlobalsTests" */;
			buildPhases = (
				A17FDF3E2CF97B1D00EC88C9 /* Sources */,
				A17FDF3F2CF97B1D00EC88C9 /* Frameworks */,
				A17FDF402CF97B1D00EC88C9 /* Resources */,
			);
			buildRules = (
			);
			dependencies = (
				A17FDF442CF97B1D00EC88C9 /* PBXTargetDependency */,
			);
			fileSystemSynchronizedGroups = (
				A17FDF452CF97B1D00EC88C9 /* SingletonsAndGlobalsTests */,
			);
			name = SingletonsAndGlobalsTests;
			packageProductDependencies = (
			);
			productName = SingletonsAndGlobalsTests;
			productReference = A17FDF422CF97B1D00EC88C9 /* SingletonsAndGlobalsTests.xctest */;
			productType = "com.apple.product-type.bundle.unit-test";
		};
		A17FDF4B2CF97B1D00EC88C9 /* SingletonsAndGlobalsUITests */ = {
			isa = PBXNativeTarget;
			buildConfigurationList = A17FDF5D2CF97B1D00EC88C9 /* Build configuration list for PBXNativeTarget "SingletonsAndGlobalsUITests" */;
			buildPhases = (
				A17FDF482CF97B1D00EC88C9 /* Sources */,
				A17FDF492CF97B1D00EC88C9 /* Frameworks */,
				A17FDF4A2CF97B1D00EC88C9 /* Resources */,
			);
			buildRules = (
			);
			dependencies = (
				A17FDF4E2CF97B1D00EC88C9 /* PBXTargetDependency */,
			);
			fileSystemSynchronizedGroups = (
				A17FDF4F2CF97B1D00EC88C9 /* SingletonsAndGlobalsUITests */,
			);
			name = SingletonsAndGlobalsUITests;
			packageProductDependencies = (
			);
			productName = SingletonsAndGlobalsUITests;
			productReference = A17FDF4C2CF97B1D00EC88C9 /* SingletonsAndGlobalsUITests.xctest */;
			productType = "com.apple.product-type.bundle.ui-testing";
		};
/* End PBXNativeTarget section */

/* Begin PBXProject section */
		A17FDF242CF97B1B00EC88C9 /* Project object */ = {
			isa = PBXProject;
			attributes = {
				BuildIndependentTargetsInParallel = 1;
				LastSwiftUpdateCheck = 1610;
				LastUpgradeCheck = 1610;
				TargetAttributes = {
					A17FDF2B2CF97B1B00EC88C9 = {
						CreatedOnToolsVersion = 16.1;
					};
					A17FDF412CF97B1D00EC88C9 = {
						CreatedOnToolsVersion = 16.1;
						TestTargetID = A17FDF2B2CF97B1B00EC88C9;
					};
					A17FDF4B2CF97B1D00EC88C9 = {
						CreatedOnToolsVersion = 16.1;
						TestTargetID = A17FDF2B2CF97B1B00EC88C9;
					};
				};
			};
			buildConfigurationList = A17FDF272CF97B1B00EC88C9 /* Build configuration list for PBXProject "SingletonsAndGlobals" */;
			developmentRegion = en;
			hasScannedForEncodings = 0;
			knownRegions = (
				en,
				Base,
			);
			mainGroup = A17FDF232CF97B1B00EC88C9;
			minimizedProjectReferenceProxies = 1;
			preferredProjectObjectVersion = 77;
			productRefGroup = A17FDF2D2CF97B1B00EC88C9 /* Products */;
			projectDirPath = "";
			projectRoot = "";
			targets = (
				A17FDF2B2CF97B1B00EC88C9 /* SingletonsAndGlobals */,
				A17FDF412CF97B1D00EC88C9 /* SingletonsAndGlobalsTests */,
				A17FDF4B2CF97B1D00EC88C9 /* SingletonsAndGlobalsUITests */,
			);
		};
/* End PBXProject section */

/* Begin PBXResourcesBuildPhase section */
		A17FDF2A2CF97B1B00EC88C9 /* Resources */ = {
			isa = PBXResourcesBuildPhase;
			buildActionMask = 2147483647;
			files = (
			);
			runOnlyForDeploymentPostprocessing = 0;
		};
		A17FDF402CF97B1D00EC88C9 /* Resources */ = {
			isa = PBXResourcesBuildPhase;
			buildActionMask = 2147483647;
			files = (
			);
			runOnlyForDeploymentPostprocessing = 0;
		};
		A17FDF4A2CF97B1D00EC88C9 /* Resources */ = {
			isa = PBXResourcesBuildPhase;
			buildActionMask = 2147483647;
			files = (
			);
			runOnlyForDeploymentPostprocessing = 0;
		};
/* End PBXResourcesBuildPhase section */

/* Begin PBXSourcesBuildPhase section */
		A17FDF282CF97B1B00EC88C9 /* Sources */ = {
			isa = PBXSourcesBuildPhase;
			buildActionMask = 2147483647;
			files = (
			);
			runOnlyForDeploymentPostprocessing = 0;
		};
		A17FDF3E2CF97B1D00EC88C9 /* Sources */ = {
			isa = PBXSourcesBuildPhase;
			buildActionMask = 2147483647;
			files = (
			);
			runOnlyForDeploymentPostprocessing = 0;
		};
		A17FDF482CF97B1D00EC88C9 /* Sources */ = {
			isa = PBXSourcesBuildPhase;
			buildActionMask = 2147483647;
			files = (
			);
			runOnlyForDeploymentPostprocessing = 0;
		};
/* End PBXSourcesBuildPhase section */

/* Begin PBXTargetDependency section */
		A17FDF442CF97B1D00EC88C9 /* PBXTargetDependency */ = {
			isa = PBXTargetDependency;
			target = A17FDF2B2CF97B1B00EC88C9 /* SingletonsAndGlobals */;
			targetProxy = A17FDF432CF97B1D00EC88C9 /* PBXContainerItemProxy */;
		};
		A17FDF4E2CF97B1D00EC88C9 /* PBXTargetDependency */ = {
			isa = PBXTargetDependency;
			target = A17FDF2B2CF97B1B00EC88C9 /* SingletonsAndGlobals */;
			targetProxy = A17FDF4D2CF97B1D00EC88C9 /* PBXContainerItemProxy */;
		};
/* End PBXTargetDependency section */

/* Begin XCBuildConfiguration section */
		A17FDF562CF97B1D00EC88C9 /* Debug */ = {
			isa = XCBuildConfiguration;
			buildSettings = {
				ASSETCATALOG_COMPILER_APPICON_NAME = AppIcon;
				ASSETCATALOG_COMPILER_GLOBAL_ACCENT_COLOR_NAME = AccentColor;
				CODE_SIGN_STYLE = Automatic;
				CURRENT_PROJECT_VERSION = 1;
				DEVELOPMENT_TEAM = UBQY3492JQ;
				GENERATE_INFOPLIST_FILE = YES;
				INFOPLIST_FILE = SingletonsAndGlobals/Info.plist;
				INFOPLIST_KEY_UIApplicationSupportsIndirectInputEvents = YES;
				INFOPLIST_KEY_UILaunchStoryboardName = LaunchScreen;
				INFOPLIST_KEY_UIMainStoryboardFile = Main;
				INFOPLIST_KEY_UISupportedInterfaceOrientations_iPad = "UIInterfaceOrientationPortrait UIInterfaceOrientationPortraitUpsideDown UIInterfaceOrientationLandscapeLeft UIInterfaceOrientationLandscapeRight";
				INFOPLIST_KEY_UISupportedInterfaceOrientations_iPhone = "UIInterfaceOrientationPortrait UIInterfaceOrientationLandscapeLeft UIInterfaceOrientationLandscapeRight";
				LD_RUNPATH_SEARCH_PATHS = (
					"$(inherited)",
					"@executable_path/Frameworks",
				);
				MARKETING_VERSION = 1.0;
				PRODUCT_BUNDLE_IDENTIFIER = com.Sharonda.SingletonsAndGlobals;
				PRODUCT_NAME = "$(TARGET_NAME)";
				SWIFT_EMIT_LOC_STRINGS = YES;
				SWIFT_VERSION = 5.0;
				TARGETED_DEVICE_FAMILY = "1,2";
			};
			name = Debug;
		};
		A17FDF572CF97B1D00EC88C9 /* Release */ = {
			isa = XCBuildConfiguration;
			buildSettings = {
				ASSETCATALOG_COMPILER_APPICON_NAME = AppIcon;
				ASSETCATALOG_COMPILER_GLOBAL_ACCENT_COLOR_NAME = AccentColor;
				CODE_SIGN_STYLE = Automatic;
				CURRENT_PROJECT_VERSION = 1;
				DEVELOPMENT_TEAM = UBQY3492JQ;
				GENERATE_INFOPLIST_FILE = YES;
				INFOPLIST_FILE = SingletonsAndGlobals/Info.plist;
				INFOPLIST_KEY_UIApplicationSupportsIndirectInputEvents = YES;
				INFOPLIST_KEY_UILaunchStoryboardName = LaunchScreen;
				INFOPLIST_KEY_UIMainStoryboardFile = Main;
				INFOPLIST_KEY_UISupportedInterfaceOrientations_iPad = "UIInterfaceOrientationPortrait UIInterfaceOrientationPortraitUpsideDown UIInterfaceOrientationLandscapeLeft UIInterfaceOrientationLandscapeRight";
				INFOPLIST_KEY_UISupportedInterfaceOrientations_iPhone = "UIInterfaceOrientationPortrait UIInterfaceOrientationLandscapeLeft UIInterfaceOrientationLandscapeRight";
				LD_RUNPATH_SEARCH_PATHS = (
					"$(inherited)",
					"@executable_path/Frameworks",
				);
				MARKETING_VERSION = 1.0;
				PRODUCT_BUNDLE_IDENTIFIER = com.Sharonda.SingletonsAndGlobals;
				PRODUCT_NAME = "$(TARGET_NAME)";
				SWIFT_EMIT_LOC_STRINGS = YES;
				SWIFT_VERSION = 5.0;
				TARGETED_DEVICE_FAMILY = "1,2";
			};
			name = Release;
		};
		A17FDF582CF97B1D00EC88C9 /* Debug */ = {
			isa = XCBuildConfiguration;
			buildSettings = {
				ALWAYS_SEARCH_USER_PATHS = NO;
				ASSETCATALOG_COMPILER_GENERATE_SWIFT_ASSET_SYMBOL_EXTENSIONS = YES;
				CLANG_ANALYZER_NONNULL = YES;
				CLANG_ANALYZER_NUMBER_OBJECT_CONVERSION = YES_AGGRESSIVE;
				CLANG_CXX_LANGUAGE_STANDARD = "gnu++20";
				CLANG_ENABLE_MODULES = YES;
				CLANG_ENABLE_OBJC_ARC = YES;
				CLANG_ENABLE_OBJC_WEAK = YES;
				CLANG_WARN_BLOCK_CAPTURE_AUTORELEASING = YES;
				CLANG_WARN_BOOL_CONVERSION = YES;
				CLANG_WARN_COMMA = YES;
				CLANG_WARN_CONSTANT_CONVERSION = YES;
				CLANG_WARN_DEPRECATED_OBJC_IMPLEMENTATIONS = YES;
				CLANG_WARN_DIRECT_OBJC_ISA_USAGE = YES_ERROR;
				CLANG_WARN_DOCUMENTATION_COMMENTS = YES;
				CLANG_WARN_EMPTY_BODY = YES;
				CLANG_WARN_ENUM_CONVERSION = YES;
				CLANG_WARN_INFINITE_RECURSION = YES;
				CLANG_WARN_INT_CONVERSION = YES;
				CLANG_WARN_NON_LITERAL_NULL_CONVERSION = YES;
				CLANG_WARN_OBJC_IMPLICIT_RETAIN_SELF = YES;
				CLANG_WARN_OBJC_LITERAL_CONVERSION = YES;
				CLANG_WARN_OBJC_ROOT_CLASS = YES_ERROR;
				CLANG_WARN_QUOTED_INCLUDE_IN_FRAMEWORK_HEADER = YES;
				CLANG_WARN_RANGE_LOOP_ANALYSIS = YES;
				CLANG_WARN_STRICT_PROTOTYPES = YES;
				CLANG_WARN_SUSPICIOUS_MOVE = YES;
				CLANG_WARN_UNGUARDED_AVAILABILITY = YES_AGGRESSIVE;
				CLANG_WARN_UNREACHABLE_CODE = YES;
				CLANG_WARN__DUPLICATE_METHOD_MATCH = YES;
				COPY_PHASE_STRIP = NO;
				DEBUG_INFORMATION_FORMAT = dwarf;
				ENABLE_STRICT_OBJC_MSGSEND = YES;
				ENABLE_TESTABILITY = YES;
				ENABLE_USER_SCRIPT_SANDBOXING = YES;
				GCC_C_LANGUAGE_STANDARD = gnu17;
				GCC_DYNAMIC_NO_PIC = NO;
				GCC_NO_COMMON_BLOCKS = YES;
				GCC_OPTIMIZATION_LEVEL = 0;
				GCC_PREPROCESSOR_DEFINITIONS = (
					"DEBUG=1",
					"$(inherited)",
				);
				GCC_WARN_64_TO_32_BIT_CONVERSION = YES;
				GCC_WARN_ABOUT_RETURN_TYPE = YES_ERROR;
				GCC_WARN_UNDECLARED_SELECTOR = YES;
				GCC_WARN_UNINITIALIZED_AUTOS = YES_AGGRESSIVE;
				GCC_WARN_UNUSED_FUNCTION = YES;
				GCC_WARN_UNUSED_VARIABLE = YES;
				IPHONEOS_DEPLOYMENT_TARGET = 18.1;
				LOCALIZATION_PREFERS_STRING_CATALOGS = YES;
				MTL_ENABLE_DEBUG_INFO = INCLUDE_SOURCE;
				MTL_FAST_MATH = YES;
				ONLY_ACTIVE_ARCH = YES;
				SDKROOT = iphoneos;
				SWIFT_ACTIVE_COMPILATION_CONDITIONS = "DEBUG $(inherited)";
				SWIFT_OPTIMIZATION_LEVEL = "-Onone";
			};
			name = Debug;
		};
		A17FDF592CF97B1D00EC88C9 /* Release */ = {
			isa = XCBuildConfiguration;
			buildSettings = {
				ALWAYS_SEARCH_USER_PATHS = NO;
				ASSETCATALOG_COMPILER_GENERATE_SWIFT_ASSET_SYMBOL_EXTENSIONS = YES;
				CLANG_ANALYZER_NONNULL = YES;
				CLANG_ANALYZER_NUMBER_OBJECT_CONVERSION = YES_AGGRESSIVE;
				CLANG_CXX_LANGUAGE_STANDARD = "gnu++20";
				CLANG_ENABLE_MODULES = YES;
				CLANG_ENABLE_OBJC_ARC = YES;
				CLANG_ENABLE_OBJC_WEAK = YES;
				CLANG_WARN_BLOCK_CAPTURE_AUTORELEASING = YES;
				CLANG_WARN_BOOL_CONVERSION = YES;
				CLANG_WARN_COMMA = YES;
				CLANG_WARN_CONSTANT_CONVERSION = YES;
				CLANG_WARN_DEPRECATED_OBJC_IMPLEMENTATIONS = YES;
				CLANG_WARN_DIRECT_OBJC_ISA_USAGE = YES_ERROR;
				CLANG_WARN_DOCUMENTATION_COMMENTS = YES;
				CLANG_WARN_EMPTY_BODY = YES;
				CLANG_WARN_ENUM_CONVERSION = YES;
				CLANG_WARN_INFINITE_RECURSION = YES;
				CLANG_WARN_INT_CONVERSION = YES;
				CLANG_WARN_NON_LITERAL_NULL_CONVERSION = YES;
				CLANG_WARN_OBJC_IMPLICIT_RETAIN_SELF = YES;
				CLANG_WARN_OBJC_LITERAL_CONVERSION = YES;
				CLANG_WARN_OBJC_ROOT_CLASS = YES_ERROR;
				CLANG_WARN_QUOTED_INCLUDE_IN_FRAMEWORK_HEADER = YES;
				CLANG_WARN_RANGE_LOOP_ANALYSIS = YES;
				CLANG_WARN_STRICT_PROTOTYPES = YES;
				CLANG_WARN_SUSPICIOUS_MOVE = YES;
				CLANG_WARN_UNGUARDED_AVAILABILITY = YES_AGGRESSIVE;
				CLANG_WARN_UNREACHABLE_CODE = YES;
				CLANG_WARN__DUPLICATE_METHOD_MATCH = YES;
				COPY_PHASE_STRIP = NO;
				DEBUG_INFORMATION_FORMAT = "dwarf-with-dsym";
				ENABLE_NS_ASSERTIONS = NO;
				ENABLE_STRICT_OBJC_MSGSEND = YES;
				ENABLE_USER_SCRIPT_SANDBOXING = YES;
				GCC_C_LANGUAGE_STANDARD = gnu17;
				GCC_NO_COMMON_BLOCKS = YES;
				GCC_WARN_64_TO_32_BIT_CONVERSION = YES;
				GCC_WARN_ABOUT_RETURN_TYPE = YES_ERROR;
				GCC_WARN_UNDECLARED_SELECTOR = YES;
				GCC_WARN_UNINITIALIZED_AUTOS = YES_AGGRESSIVE;
				GCC_WARN_UNUSED_FUNCTION = YES;
				GCC_WARN_UNUSED_VARIABLE = YES;
				IPHONEOS_DEPLOYMENT_TARGET = 18.1;
				LOCALIZATION_PREFERS_STRING_CATALOGS = YES;
				MTL_ENABLE_DEBUG_INFO = NO;
				MTL_FAST_MATH = YES;
				SDKROOT = iphoneos;
				SWIFT_COMPILATION_MODE = wholemodule;
				VALIDATE_PRODUCT = YES;
			};
			name = Release;
		};
		A17FDF5B2CF97B1D00EC88C9 /* Debug */ = {
			isa = XCBuildConfiguration;
			buildSettings = {
				BUNDLE_LOADER = "$(TEST_HOST)";
				CODE_SIGN_STYLE = Automatic;
				CURRENT_PROJECT_VERSION = 1;
				DEVELOPMENT_TEAM = UBQY3492JQ;
				GENERATE_INFOPLIST_FILE = YES;
				IPHONEOS_DEPLOYMENT_TARGET = 18.1;
				MARKETING_VERSION = 1.0;
				PRODUCT_BUNDLE_IDENTIFIER = com.Sharonda.SingletonsAndGlobalsTests;
				PRODUCT_NAME = "$(TARGET_NAME)";
				SWIFT_EMIT_LOC_STRINGS = NO;
				SWIFT_VERSION = 5.0;
				TARGETED_DEVICE_FAMILY = "1,2";
				TEST_HOST = "$(BUILT_PRODUCTS_DIR)/SingletonsAndGlobals.app/$(BUNDLE_EXECUTABLE_FOLDER_PATH)/SingletonsAndGlobals";
			};
			name = Debug;
		};
		A17FDF5C2CF97B1D00EC88C9 /* Release */ = {
			isa = XCBuildConfiguration;
			buildSettings = {
				BUNDLE_LOADER = "$(TEST_HOST)";
				CODE_SIGN_STYLE = Automatic;
				CURRENT_PROJECT_VERSION = 1;
				DEVELOPMENT_TEAM = UBQY3492JQ;
				GENERATE_INFOPLIST_FILE = YES;
				IPHONEOS_DEPLOYMENT_TARGET = 18.1;
				MARKETING_VERSION = 1.0;
				PRODUCT_BUNDLE_IDENTIFIER = com.Sharonda.SingletonsAndGlobalsTests;
				PRODUCT_NAME = "$(TARGET_NAME)";
				SWIFT_EMIT_LOC_STRINGS = NO;
				SWIFT_VERSION = 5.0;
				TARGETED_DEVICE_FAMILY = "1,2";
				TEST_HOST = "$(BUILT_PRODUCTS_DIR)/SingletonsAndGlobals.app/$(BUNDLE_EXECUTABLE_FOLDER_PATH)/SingletonsAndGlobals";
			};
			name = Release;
		};
		A17FDF5E2CF97B1D00EC88C9 /* Debug */ = {
			isa = XCBuildConfiguration;
			buildSettings = {
				CODE_SIGN_STYLE = Automatic;
				CURRENT_PROJECT_VERSION = 1;
				DEVELOPMENT_TEAM = UBQY3492JQ;
				GENERATE_INFOPLIST_FILE = YES;
				MARKETING_VERSION = 1.0;
				PRODUCT_BUNDLE_IDENTIFIER = com.Sharonda.SingletonsAndGlobalsUITests;
				PRODUCT_NAME = "$(TARGET_NAME)";
				SWIFT_EMIT_LOC_STRINGS = NO;
				SWIFT_VERSION = 5.0;
				TARGETED_DEVICE_FAMILY = "1,2";
				TEST_TARGET_NAME = SingletonsAndGlobals;
			};
			name = Debug;
		};
		A17FDF5F2CF97B1D00EC88C9 /* Release */ = {
			isa = XCBuildConfiguration;
			buildSettings = {
				CODE_SIGN_STYLE = Automatic;
				CURRENT_PROJECT_VERSION = 1;
				DEVELOPMENT_TEAM = UBQY3492JQ;
				GENERATE_INFOPLIST_FILE = YES;
				MARKETING_VERSION = 1.0;
				PRODUCT_BUNDLE_IDENTIFIER = com.Sharonda.SingletonsAndGlobalsUITests;
				PRODUCT_NAME = "$(TARGET_NAME)";
				SWIFT_EMIT_LOC_STRINGS = NO;
				SWIFT_VERSION = 5.0;
				TARGETED_DEVICE_FAMILY = "1,2";
				TEST_TARGET_NAME = SingletonsAndGlobals;
			};
			name = Release;
		};
/* End XCBuildConfiguration section */

/* Begin XCConfigurationList section */
		A17FDF272CF97B1B00EC88C9 /* Build configuration list for PBXProject "SingletonsAndGlobals" */ = {
			isa = XCConfigurationList;
			buildConfigurations = (
				A17FDF582CF97B1D00EC88C9 /* Debug */,
				A17FDF592CF97B1D00EC88C9 /* Release */,
			);
			defaultConfigurationIsVisible = 0;
			defaultConfigurationName = Release;
		};
		A17FDF552CF97B1D00EC88C9 /* Build configuration list for PBXNativeTarget "SingletonsAndGlobals" */ = {
			isa = XCConfigurationList;
			buildConfigurations = (
				A17FDF562CF97B1D00EC88C9 /* Debug */,
				A17FDF572CF97B1D00EC88C9 /* Release */,
			);
			defaultConfigurationIsVisible = 0;
			defaultConfigurationName = Release;
		};
		A17FDF5A2CF97B1D00EC88C9 /* Build configuration list for PBXNativeTarget "SingletonsAndGlobalsTests" */ = {
			isa = XCConfigurationList;
			buildConfigurations = (
				A17FDF5B2CF97B1D00EC88C9 /* Debug */,
				A17FDF5C2CF97B1D00EC88C9 /* Release */,
			);
			defaultConfigurationIsVisible = 0;
			defaultConfigurationName = Release;
		};
		A17FDF5D2CF97B1D00EC88C9 /* Build configuration list for PBXNativeTarget "SingletonsAndGlobalsUITests" */ = {
			isa = XCConfigurationList;
			buildConfigurations = (
				A17FDF5E2CF97B1D00EC88C9 /* Debug */,
				A17FDF5F2CF97B1D00EC88C9 /* Release */,
			);
			defaultConfigurationIsVisible = 0;
			defaultConfigurationName = Release;
		};
/* End XCConfigurationList section */
	};
	rootObject = A17FDF242CF97B1B00EC88C9 /* Project object */;
}
